{
  "originHash" : "f7d374af9f09a883db76fffef2d2e01bc85a680acae56d786ff7a98b73000505",
  "pins" : [
    {
      "identity" : "zencoregraphics",
      "kind" : "remoteSourceControl",
      "location" : "https://github.com/roland19deschain/ZenCoreGraphics",
      "state" : {
        "revision" : "4c75675c610163a47efbb0bfaa14882eb6d2b3e0",
        "version" : "2.0.2"
      }
    },
    {
      "identity" : "zenswift",
      "kind" : "remoteSourceControl",
      "location" : "https://github.com/roland19deschain/ZenSwift",
      "state" : {
        "revision" : "8e7a22dab37347f8bb3a4faafc5dda5967349047",
        "version" : "2.1.15"
      }
    }
  ],
  "version" : 3
}
