{
  "pins" : [
    {
      "identity" : "zencoregraphics",
      "kind" : "remoteSourceControl",
      "location" : "https://github.com/roland19deschain/ZenCoreGraphics",
      "state" : {
        "revision" : "4c75675c610163a47efbb0bfaa14882eb6d2b3e0",
        "version" : "2.0.2"
      }
    },
    {
      "identity" : "zenswift",
      "kind" : "remoteSourceControl",
      "location" : "https://github.com/roland19deschain/ZenSwift",
      "state" : {
        "revision" : "f44f7074bb12b4bc0b1728b0077ff69de5e2a29c",
        "version" : "2.1.14"
      }
    }
  ],
  "version" : 2
}
