{
  "pins" : [
    {
      "identity" : "zencoregraphics",
      "kind" : "remoteSourceControl",
      "location" : "https://github.com/roland19deschain/ZenCoreGraphics",
      "state" : {
        "revision" : "e9c599a7da486ddb30a3cb9dad318066569580b6",
        "version" : "2.0.0"
      }
    },
    {
      "identity" : "zenswift",
      "kind" : "remoteSourceControl",
      "location" : "https://github.com/roland19deschain/ZenSwift",
      "state" : {
        "revision" : "9a69792faa9ec06ae3675bebba406a2de9d20a50",
        "version" : "2.1.11"
      }
    }
  ],
  "version" : 2
}
